// !$*UTF8*$!
{
	archiveVersion = 1;
	classes = {
	};
	objectVersion = 46;
	objects = {

/* Begin PBXBuildFile section */
		FAED81CB1D26482900CE0C7A /* AppDelegate.swift in Sources */ = {isa = PBXBuildFile; fileRef = FAED81CA1D26482900CE0C7A /* AppDelegate.swift */; };
		FAED81CD1D26482900CE0C7A /* ViewController.swift in Sources */ = {isa = PBXBuildFile; fileRef = FAED81CC1D26482900CE0C7A /* ViewController.swift */; };
		FAED81D01D26482900CE0C7A /* Main.storyboard in Resources */ = {isa = PBXBuildFile; fileRef = FAED81CE1D26482900CE0C7A /* Main.storyboard */; };
		FAED81D21D26482900CE0C7A /* Assets.xcassets in Resources */ = {isa = PBXBuildFile; fileRef = FAED81D11D26482900CE0C7A /* Assets.xcassets */; };
		FAED81D51D26482900CE0C7A /* LaunchScreen.storyboard in Resources */ = {isa = PBXBuildFile; fileRef = FAED81D31D26482900CE0C7A /* LaunchScreen.storyboard */; };
/* End PBXBuildFile section */

/* Begin PBXFileReference section */
		FAED81C71D26482900CE0C7A /* openLibrary.app */ = {isa = PBXFileReference; explicitFileType = wrapper.application; includeInIndex = 0; path = openLibrary.app; sourceTree = BUILT_PRODUCTS_DIR; };
		FAED81CA1D26482900CE0C7A /* AppDelegate.swift */ = {isa = PBXFileReference; lastKnownFileType = sourcecode.swift; path = AppDelegate.swift; sourceTree = "<group>"; };
		FAED81CC1D26482900CE0C7A /* ViewController.swift */ = {isa = PBXFileReference; lastKnownFileType = sourcecode.swift; path = ViewController.swift; sourceTree = "<group>"; };
		FAED81CF1D26482900CE0C7A /* Base */ = {isa = PBXFileReference; lastKnownFileType = file.storyboard; name = Base; path = Base.lproj/Main.storyboard; sourceTree = "<group>"; };
		FAED81D11D26482900CE0C7A /* Assets.xcassets */ = {isa = PBXFileReference; lastKnownFileType = folder.assetcatalog; path = Assets.xcassets; sourceTree = "<group>"; };
		FAED81D41D26482900CE0C7A /* Base */ = {isa = PBXFileReference; lastKnownFileType = file.storyboard; name = Base; path = Base.lproj/LaunchScreen.storyboard; sourceTree = "<group>"; };
		FAED81D61D26482900CE0C7A /* Info.plist */ = {isa = PBXFileReference; lastKnownFileType = text.plist.xml; path = Info.plist; sourceTree = "<group>"; };
		FAED81DD1D26591700CE0C7A /* en */ = {isa = PBXFileReference; lastKnownFileType = text.plist.strings; name = en; path = en.lproj/Main.strings; sourceTree = "<group>"; };
		FAED81DE1D26766400CE0C7A /* openLibraryTests.playground */ = {isa = PBXFileReference; lastKnownFileType = file.playground; path = openLibraryTests.playground; sourceTree = "<group>"; };
/* End PBXFileReference section */

/* Begin PBXFrameworksBuildPhase section */
		FAED81C41D26482900CE0C7A /* Frameworks */ = {
			isa = PBXFrameworksBuildPhase;
			buildActionMask = 2147483647;
			files = (
			);
			runOnlyForDeploymentPostprocessing = 0;
		};
/* End PBXFrameworksBuildPhase section */

/* Begin PBXGroup section */
		FAED81BE1D26482900CE0C7A = {
			isa = PBXGroup;
			children = (
				FAED81DE1D26766400CE0C7A /* openLibraryTests.playground */,
				FAED81C91D26482900CE0C7A /* openLibrary */,
				FAED81C81D26482900CE0C7A /* Products */,
			);
			sourceTree = "<group>";
		};
		FAED81C81D26482900CE0C7A /* Products */ = {
			isa = PBXGroup;
			children = (
				FAED81C71D26482900CE0C7A /* openLibrary.app */,
			);
			name = Products;
			sourceTree = "<group>";
		};
		FAED81C91D26482900CE0C7A /* openLibrary */ = {
			isa = PBXGroup;
			children = (
				FAED81CA1D26482900CE0C7A /* AppDelegate.swift */,
				FAED81CC1D26482900CE0C7A /* ViewController.swift */,
				FAED81CE1D26482900CE0C7A /* Main.storyboard */,
				FAED81D11D26482900CE0C7A /* Assets.xcassets */,
				FAED81D31D26482900CE0C7A /* LaunchScreen.storyboard */,
				FAED81D61D26482900CE0C7A /* Info.plist */,
			);
			path = openLibrary;
			sourceTree = "<group>";
		};
/* End PBXGroup section */

/* Begin PBXNativeTarget section */
		FAED81C61D26482900CE0C7A /* openLibrary */ = {
			isa = PBXNativeTarget;
			buildConfigurationList = FAED81D91D26482900CE0C7A /* Build configuration list for PBXNativeTarget "openLibrary" */;
			buildPhases = (
				FAED81C31D26482900CE0C7A /* Sources */,
				FAED81C41D26482900CE0C7A /* Frameworks */,
				FAED81C51D26482900CE0C7A /* Resources */,
			);
			buildRules = (
			);
			dependencies = (
			);
			name = openLibrary;
			productName = openLibrary;
			productReference = FAED81C71D26482900CE0C7A /* openLibrary.app */;
			productType = "com.apple.product-type.application";
		};
/* End PBXNativeTarget section */

/* Begin PBXProject section */
		FAED81BF1D26482900CE0C7A /* Project object */ = {
			isa = PBXProject;
			attributes = {
				LastSwiftUpdateCheck = 0730;
				LastUpgradeCheck = 0730;
				ORGANIZATIONNAME = "José-María Súnico";
				TargetAttributes = {
					FAED81C61D26482900CE0C7A = {
						CreatedOnToolsVersion = 7.3;
					};
				};
			};
			buildConfigurationList = FAED81C21D26482900CE0C7A /* Build configuration list for PBXProject "openLibrary" */;
			compatibilityVersion = "Xcode 3.2";
			developmentRegion = English;
			hasScannedForEncodings = 0;
			knownRegions = (
				en,
				Base,
			);
			mainGroup = FAED81BE1D26482900CE0C7A;
			productRefGroup = FAED81C81D26482900CE0C7A /* Products */;
			projectDirPath = "";
			projectRoot = "";
			targets = (
				FAED81C61D26482900CE0C7A /* openLibrary */,
			);
		};
/* End PBXProject section */

/* Begin PBXResourcesBuildPhase section */
		FAED81C51D26482900CE0C7A /* Resources */ = {
			isa = PBXResourcesBuildPhase;
			buildActionMask = 2147483647;
			files = (
				FAED81D51D26482900CE0C7A /* LaunchScreen.storyboard in Resources */,
				FAED81D21D26482900CE0C7A /* Assets.xcassets in Resources */,
				FAED81D01D26482900CE0C7A /* Main.storyboard in Resources */,
			);
			runOnlyForDeploymentPostprocessing = 0;
		};
/* End PBXResourcesBuildPhase section */

/* Begin PBXSourcesBuildPhase section */
		FAED81C31D26482900CE0C7A /* Sources */ = {
			isa = PBXSourcesBuildPhase;
			buildActionMask = 2147483647;
			files = (
				FAED81CD1D26482900CE0C7A /* ViewController.swift in Sources */,
				FAED81CB1D26482900CE0C7A /* AppDelegate.swift in Sources */,
			);
			runOnlyForDeploymentPostprocessing = 0;
		};
/* End PBXSourcesBuildPhase section */

/* Begin PBXVariantGroup section */
		FAED81CE1D26482900CE0C7A /* Main.storyboard */ = {
			isa = PBXVariantGroup;
			children = (
				FAED81CF1D26482900CE0C7A /* Base */,
				FAED81DD1D26591700CE0C7A /* en */,
			);
			name = Main.storyboard;
			sourceTree = "<group>";
		};
		FAED81D31D26482900CE0C7A /* LaunchScreen.storyboard */ = {
			isa = PBXVariantGroup;
			children = (
				FAED81D41D26482900CE0C7A /* Base */,
			);
			name = LaunchScreen.storyboard;
			sourceTree = "<group>";
		};
/* End PBXVariantGroup section */

/* Begin XCBuildConfiguration section */
		FAED81D71D26482900CE0C7A /* Debug */ = {
			isa = XCBuildConfiguration;
			buildSettings = {
				ALWAYS_SEARCH_USER_PATHS = NO;
				CLANG_ANALYZER_NONNULL = YES;
				CLANG_CXX_LANGUAGE_STANDARD = "gnu++0x";
				CLANG_CXX_LIBRARY = "libc++";
				CLANG_ENABLE_MODULES = YES;
				CLANG_ENABLE_OBJC_ARC = YES;
				CLANG_WARN_BOOL_CONVERSION = YES;
				CLANG_WARN_CONSTANT_CONVERSION = YES;
				CLANG_WARN_DIRECT_OBJC_ISA_USAGE = YES_ERROR;
				CLANG_WARN_EMPTY_BODY = YES;
				CLANG_WARN_ENUM_CONVERSION = YES;
				CLANG_WARN_INT_CONVERSION = YES;
				CLANG_WARN_OBJC_ROOT_CLASS = YES_ERROR;
				CLANG_WARN_UNREACHABLE_CODE = YES;
				CLANG_WARN__DUPLICATE_METHOD_MATCH = YES;
				"CODE_SIGN_IDENTITY[sdk=iphoneos*]" = "iPhone Developer";
				COPY_PHASE_STRIP = NO;
				DEBUG_INFORMATION_FORMAT = dwarf;
				ENABLE_STRICT_OBJC_MSGSEND = YES;
				ENABLE_TESTABILITY = YES;
				GCC_C_LANGUAGE_STANDARD = gnu99;
				GCC_DYNAMIC_NO_PIC = NO;
				GCC_NO_COMMON_BLOCKS = YES;
				GCC_OPTIMIZATION_LEVEL = 0;
				GCC_PREPROCESSOR_DEFINITIONS = (
					"DEBUG=1",
					"$(inherited)",
				);
				GCC_WARN_64_TO_32_BIT_CONVERSION = YES;
				GCC_WARN_ABOUT_RETURN_TYPE = YES_ERROR;
				GCC_WARN_UNDECLARED_SELECTOR = YES;
				GCC_WARN_UNINITIALIZED_AUTOS = YES_AGGRESSIVE;
				GCC_WARN_UNUSED_FUNCTION = YES;
				GCC_WARN_UNUSED_VARIABLE = YES;
				IPHONEOS_DEPLOYMENT_TARGET = 9.3;
				MTL_ENABLE_DEBUG_INFO = YES;
				ONLY_ACTIVE_ARCH = YES;
				SDKROOT = iphoneos;
				SWIFT_OPTIMIZATION_LEVEL = "-Onone";
				TARGETED_DEVICE_FAMILY = "1,2";
			};
			name = Debug;
		};
		FAED81D81D26482900CE0C7A /* Release */ = {
			isa = XCBuildConfiguration;
			buildSettings = {
				ALWAYS_SEARCH_USER_PATHS = NO;
				CLANG_ANALYZER_NONNULL = YES;
				CLANG_CXX_LANGUAGE_STANDARD = "gnu++0x";
				CLANG_CXX_LIBRARY = "libc++";
				CLANG_ENABLE_MODULES = YES;
				CLANG_ENABLE_OBJC_ARC = YES;
				CLANG_WARN_BOOL_CONVERSION = YES;
				CLANG_WARN_CONSTANT_CONVERSION = YES;
				CLANG_WARN_DIRECT_OBJC_ISA_USAGE = YES_ERROR;
				CLANG_WARN_EMPTY_BODY = YES;
				CLANG_WARN_ENUM_CONVERSION = YES;
				CLANG_WARN_INT_CONVERSION = YES;
				CLANG_WARN_OBJC_ROOT_CLASS = YES_ERROR;
				CLANG_WARN_UNREACHABLE_CODE = YES;
				CLANG_WARN__DUPLICATE_METHOD_MATCH = YES;
				"CODE_SIGN_IDENTITY[sdk=iphoneos*]" = "iPhone Developer";
				COPY_PHASE_STRIP = NO;
				DEBUG_INFORMATION_FORMAT = "dwarf-with-dsym";
				ENABLE_NS_ASSERTIONS = NO;
				ENABLE_STRICT_OBJC_MSGSEND = YES;
				GCC_C_LANGUAGE_STANDARD = gnu99;
				GCC_NO_COMMON_BLOCKS = YES;
				GCC_WARN_64_TO_32_BIT_CONVERSION = YES;
				GCC_WARN_ABOUT_RETURN_TYPE = YES_ERROR;
				GCC_WARN_UNDECLARED_SELECTOR = YES;
				GCC_WARN_UNINITIALIZED_AUTOS = YES_AGGRESSIVE;
				GCC_WARN_UNUSED_FUNCTION = YES;
				GCC_WARN_UNUSED_VARIABLE = YES;
				IPHONEOS_DEPLOYMENT_TARGET = 9.3;
				MTL_ENABLE_DEBUG_INFO = NO;
				SDKROOT = iphoneos;
				TARGETED_DEVICE_FAMILY = "1,2";
				VALIDATE_PRODUCT = YES;
			};
			name = Release;
		};
		FAED81DA1D26482900CE0C7A /* Debug */ = {
			isa = XCBuildConfiguration;
			buildSettings = {
				ASSETCATALOG_COMPILER_APPICON_NAME = AppIcon;
				INFOPLIST_FILE = openLibrary/Info.plist;
				LD_RUNPATH_SEARCH_PATHS = "$(inherited) @executable_path/Frameworks";
				PRODUCT_BUNDLE_IDENTIFIER = com.jmsunico.openLibrary;
				PRODUCT_NAME = "$(TARGET_NAME)";
			};
			name = Debug;
		};
		FAED81DB1D26482900CE0C7A /* Release */ = {
			isa = XCBuildConfiguration;
			buildSettings = {
				ASSETCATALOG_COMPILER_APPICON_NAME = AppIcon;
				INFOPLIST_FILE = openLibrary/Info.plist;
				LD_RUNPATH_SEARCH_PATHS = "$(inherited) @executable_path/Frameworks";
				PRODUCT_BUNDLE_IDENTIFIER = com.jmsunico.openLibrary;
				PRODUCT_NAME = "$(TARGET_NAME)";
			};
			name = Release;
		};
/* End XCBuildConfiguration section */

/* Begin XCConfigurationList section */
		FAED81C21D26482900CE0C7A /* Build configuration list for PBXProject "openLibrary" */ = {
			isa = XCConfigurationList;
			buildConfigurations = (
				FAED81D71D26482900CE0C7A /* Debug */,
				FAED81D81D26482900CE0C7A /* Release */,
			);
			defaultConfigurationIsVisible = 0;
			defaultConfigurationName = Release;
		};
		FAED81D91D26482900CE0C7A /* Build configuration list for PBXNativeTarget "openLibrary" */ = {
			isa = XCConfigurationList;
			buildConfigurations = (
				FAED81DA1D26482900CE0C7A /* Debug */,
				FAED81DB1D26482900CE0C7A /* Release */,
			);
			defaultConfigurationIsVisible = 0;
			defaultConfigurationName = Release;
		};
/* End XCConfigurationList section */
	};
	rootObject = FAED81BF1D26482900CE0C7A /* Project object */;
}
